// !$*UTF8*$!
{
	archiveVersion = 1;
	classes = {
	};
	objectVersion = 77;
	objects = {

/* Begin PBXContainerItemProxy section */
		04FE5BCF2F9CA7490092331D /* PBXContainerItemProxy */ = {
			isa = PBXContainerItemProxy;
			containerPortal = 04FE5BB02F9CA7420092331D /* Project object */;
			proxyType = 1;
			remoteGlobalIDString = 04FE5BB72F9CA7420092331D;
			remoteInfo = SquareGitRepo;
		};
		04FE5BD92F9CA7490092331D /* PBXContainerItemProxy */ = {
			isa = PBXContainerItemProxy;
			containerPortal = 04FE5BB02F9CA7420092331D /* Project object */;
			proxyType = 1;
			remoteGlobalIDString = 04FE5BB72F9CA7420092331D;
			remoteInfo = SquareGitRepo;
		};
/* End PBXContainerItemProxy section */

/* Begin PBXFileReference section */
		04FE5BB82F9CA7420092331D /* SquareGitRepo.app */ = {isa = PBXFileReference; explicitFileType = wrapper.application; includeInIndex = 0; path = SquareGitRepo.app; sourceTree = BUILT_PRODUCTS_DIR; };
		04FE5BCE2F9CA7490092331D /* SquareGitRepoTests.xctest */ = {isa = PBXFileReference; explicitFileType = wrapper.cfbundle; includeInIndex = 0; path = SquareGitRepoTests.xctest; sourceTree = BUILT_PRODUCTS_DIR; };
		04FE5BD82F9CA7490092331D /* SquareGitRepoUITests.xctest */ = {isa = PBXFileReference; explicitFileType = wrapper.cfbundle; includeInIndex = 0; path = SquareGitRepoUITests.xctest; sourceTree = BUILT_PRODUCTS_DIR; };
/* End PBXFileReference section */

/* Begin PBXFileSystemSynchronizedBuildFileExceptionSet section */
		04FE5BE02F9CA7490092331D /* Exceptions for "SquareGitRepo" folder in "SquareGitRepo" target */ = {
			isa = PBXFileSystemSynchronizedBuildFileExceptionSet;
			membershipExceptions = (
				Info.plist,
			);
			target = 04FE5BB72F9CA7420092331D /* SquareGitRepo */;
		};
		04FE5C0B2F9CAAA50092331D /* Exceptions for "SquareGitRepo" folder in "SquareGitRepoTests" target */ = {
			isa = PBXFileSystemSynchronizedBuildFileExceptionSet;
			membershipExceptions = (
				MainViewController/RepoListTableView/RepoListTableView.swift,
				MainViewController/RepoListTableView/RepoListTableViewCell/RepoListTableViewCell.swift,
				MainViewController/RepoListTableView/RepoListTableViewCell/RepoListTableViewCell.xib,
				MainViewController/ViewControllerViewModel.swift,
				SquareGitRepoResponseModel/SquareGitRepoResponse.swift,
				UtilityClasses/APIManager.swift,
				UtilityClasses/AppURLConstants.swift,
				UtilityClasses/ErrorMessages.swift,
				UtilityClasses/LoadingView/LoadingView.swift,
				UtilityClasses/LoadingView/LoadingView.xib,
				UtilityClasses/NetworkCheck.swift,
			);
			target = 04FE5BCD2F9CA7490092331D /* SquareGitRepoTests */;
		};
		04FE5C0C2F9CAAA50092331D /* Exceptions for "SquareGitRepo" folder in "SquareGitRepoUITests" target */ = {
			isa = PBXFileSystemSynchronizedBuildFileExceptionSet;
			membershipExceptions = (
				MainViewController/RepoListTableView/RepoListTableView.swift,
				MainViewController/RepoListTableView/RepoListTableViewCell/RepoListTableViewCell.swift,
				MainViewController/RepoListTableView/RepoListTableViewCell/RepoListTableViewCell.xib,
				MainViewController/ViewControllerViewModel.swift,
				SquareGitRepoResponseModel/SquareGitRepoResponse.swift,
				UtilityClasses/APIManager.swift,
				UtilityClasses/AppURLConstants.swift,
				UtilityClasses/ErrorMessages.swift,
				UtilityClasses/LoadingView/LoadingView.swift,
				UtilityClasses/LoadingView/LoadingView.xib,
				UtilityClasses/NetworkCheck.swift,
			);
			target = 04FE5BD72F9CA7490092331D /* SquareGitRepoUITests */;
		};
/* End PBXFileSystemSynchronizedBuildFileExceptionSet section */

/* Begin PBXFileSystemSynchronizedRootGroup section */
		04FE5BBA2F9CA7420092331D /* SquareGitRepo */ = {
			isa = PBXFileSystemSynchronizedRootGroup;
			exceptions = (
				04FE5BE02F9CA7490092331D /* Exceptions for "SquareGitRepo" folder in "SquareGitRepo" target */,
				04FE5C0B2F9CAAA50092331D /* Exceptions for "SquareGitRepo" folder in "SquareGitRepoTests" target */,
				04FE5C0C2F9CAAA50092331D /* Exceptions for "SquareGitRepo" folder in "SquareGitRepoUITests" target */,
			);
			path = SquareGitRepo;
			sourceTree = "<group>";
		};
		04FE5BD12F9CA7490092331D /* SquareGitRepoTests */ = {
			isa = PBXFileSystemSynchronizedRootGroup;
			path = SquareGitRepoTests;
			sourceTree = "<group>";
		};
		04FE5BDB2F9CA7490092331D /* SquareGitRepoUITests */ = {
			isa = PBXFileSystemSynchronizedRootGroup;
			path = SquareGitRepoUITests;
			sourceTree = "<group>";
		};
/* End PBXFileSystemSynchronizedRootGroup section */

/* Begin PBXFrameworksBuildPhase section */
		04FE5BB52F9CA7420092331D /* Frameworks */ = {
			isa = PBXFrameworksBuildPhase;
			buildActionMask = 2147483647;
			files = (
			);
			runOnlyForDeploymentPostprocessing = 0;
		};
		04FE5BCB2F9CA7490092331D /* Frameworks */ = {
			isa = PBXFrameworksBuildPhase;
			buildActionMask = 2147483647;
			files = (
			);
			runOnlyForDeploymentPostprocessing = 0;
		};
		04FE5BD52F9CA7490092331D /* Frameworks */ = {
			isa = PBXFrameworksBuildPhase;
			buildActionMask = 2147483647;
			files = (
			);
			runOnlyForDeploymentPostprocessing = 0;
		};
/* End PBXFrameworksBuildPhase section */

/* Begin PBXGroup section */
		04FE5BAF2F9CA7420092331D = {
			isa = PBXGroup;
			children = (
				04FE5BBA2F9CA7420092331D /* SquareGitRepo */,
				04FE5BD12F9CA7490092331D /* SquareGitRepoTests */,
				04FE5BDB2F9CA7490092331D /* SquareGitRepoUITests */,
				04FE5BB92F9CA7420092331D /* Products */,
			);
			sourceTree = "<group>";
		};
		04FE5BB92F9CA7420092331D /* Products */ = {
			isa = PBXGroup;
			children = (
				04FE5BB82F9CA7420092331D /* SquareGitRepo.app */,
				04FE5BCE2F9CA7490092331D /* SquareGitRepoTests.xctest */,
				04FE5BD82F9CA7490092331D /* SquareGitRepoUITests.xctest */,
			);
			name = Products;
			sourceTree = "<group>";
		};
/* End PBXGroup section */

/* Begin PBXNativeTarget section */
		04FE5BB72F9CA7420092331D /* SquareGitRepo */ = {
			isa = PBXNativeTarget;
			buildConfigurationList = 04FE5BE12F9CA7490092331D /* Build configuration list for PBXNativeTarget "SquareGitRepo" */;
			buildPhases = (
				04FE5BB42F9CA7420092331D /* Sources */,
				04FE5BB52F9CA7420092331D /* Frameworks */,
				04FE5BB62F9CA7420092331D /* Resources */,
			);
			buildRules = (
			);
			dependencies = (
			);
			fileSystemSynchronizedGroups = (
				04FE5BBA2F9CA7420092331D /* SquareGitRepo */,
			);
			name = SquareGitRepo;
			packageProductDependencies = (
			);
			productName = SquareGitRepo;
			productReference = 04FE5BB82F9CA7420092331D /* SquareGitRepo.app */;
			productType = "com.apple.product-type.application";
		};
		04FE5BCD2F9CA7490092331D /* SquareGitRepoTests */ = {
			isa = PBXNativeTarget;
			buildConfigurationList = 04FE5BE62F9CA7490092331D /* Build configuration list for PBXNativeTarget "SquareGitRepoTests" */;
			buildPhases = (
				04FE5BCA2F9CA7490092331D /* Sources */,
				04FE5BCB2F9CA7490092331D /* Frameworks */,
				04FE5BCC2F9CA7490092331D /* Resources */,
			);
			buildRules = (
			);
			dependencies = (
				04FE5BD02F9CA7490092331D /* PBXTargetDependency */,
			);
			fileSystemSynchronizedGroups = (
				04FE5BD12F9CA7490092331D /* SquareGitRepoTests */,
			);
			name = SquareGitRepoTests;
			packageProductDependencies = (
			);
			productName = SquareGitRepoTests;
			productReference = 04FE5BCE2F9CA7490092331D /* SquareGitRepoTests.xctest */;
			productType = "com.apple.product-type.bundle.unit-test";
		};
		04FE5BD72F9CA7490092331D /* SquareGitRepoUITests */ = {
			isa = PBXNativeTarget;
			buildConfigurationList = 04FE5BE92F9CA7490092331D /* Build configuration list for PBXNativeTarget "SquareGitRepoUITests" */;
			buildPhases = (
				04FE5BD42F9CA7490092331D /* Sources */,
				04FE5BD52F9CA7490092331D /* Frameworks */,
				04FE5BD62F9CA7490092331D /* Resources */,
			);
			buildRules = (
			);
			dependencies = (
				04FE5BDA2F9CA7490092331D /* PBXTargetDependency */,
			);
			fileSystemSynchronizedGroups = (
				04FE5BDB2F9CA7490092331D /* SquareGitRepoUITests */,
			);
			name = SquareGitRepoUITests;
			packageProductDependencies = (
			);
			productName = SquareGitRepoUITests;
			productReference = 04FE5BD82F9CA7490092331D /* SquareGitRepoUITests.xctest */;
			productType = "com.apple.product-type.bundle.ui-testing";
		};
/* End PBXNativeTarget section */

/* Begin PBXProject section */
		04FE5BB02F9CA7420092331D /* Project object */ = {
			isa = PBXProject;
			attributes = {
				BuildIndependentTargetsInParallel = 1;
				LastSwiftUpdateCheck = 2610;
				LastUpgradeCheck = 2610;
				TargetAttributes = {
					04FE5BB72F9CA7420092331D = {
						CreatedOnToolsVersion = 26.1;
					};
					04FE5BCD2F9CA7490092331D = {
						CreatedOnToolsVersion = 26.1;
						TestTargetID = 04FE5BB72F9CA7420092331D;
					};
					04FE5BD72F9CA7490092331D = {
						CreatedOnToolsVersion = 26.1;
						TestTargetID = 04FE5BB72F9CA7420092331D;
					};
				};
			};
			buildConfigurationList = 04FE5BB32F9CA7420092331D /* Build configuration list for PBXProject "SquareGitRepo" */;
			developmentRegion = en;
			hasScannedForEncodings = 0;
			knownRegions = (
				en,
				Base,
			);
			mainGroup = 04FE5BAF2F9CA7420092331D;
			minimizedProjectReferenceProxies = 1;
			preferredProjectObjectVersion = 77;
			productRefGroup = 04FE5BB92F9CA7420092331D /* Products */;
			projectDirPath = "";
			projectRoot = "";
			targets = (
				04FE5BB72F9CA7420092331D /* SquareGitRepo */,
				04FE5BCD2F9CA7490092331D /* SquareGitRepoTests */,
				04FE5BD72F9CA7490092331D /* SquareGitRepoUITests */,
			);
		};
/* End PBXProject section */

/* Begin PBXResourcesBuildPhase section */
		04FE5BB62F9CA7420092331D /* Resources */ = {
			isa = PBXResourcesBuildPhase;
			buildActionMask = 2147483647;
			files = (
			);
			runOnlyForDeploymentPostprocessing = 0;
		};
		04FE5BCC2F9CA7490092331D /* Resources */ = {
			isa = PBXResourcesBuildPhase;
			buildActionMask = 2147483647;
			files = (
			);
			runOnlyForDeploymentPostprocessing = 0;
		};
		04FE5BD62F9CA7490092331D /* Resources */ = {
			isa = PBXResourcesBuildPhase;
			buildActionMask = 2147483647;
			files = (
			);
			runOnlyForDeploymentPostprocessing = 0;
		};
/* End PBXResourcesBuildPhase section */

/* Begin PBXSourcesBuildPhase section */
		04FE5BB42F9CA7420092331D /* Sources */ = {
			isa = PBXSourcesBuildPhase;
			buildActionMask = 2147483647;
			files = (
			);
			runOnlyForDeploymentPostprocessing = 0;
		};
		04FE5BCA2F9CA7490092331D /* Sources */ = {
			isa = PBXSourcesBuildPhase;
			buildActionMask = 2147483647;
			files = (
			);
			runOnlyForDeploymentPostprocessing = 0;
		};
		04FE5BD42F9CA7490092331D /* Sources */ = {
			isa = PBXSourcesBuildPhase;
			buildActionMask = 2147483647;
			files = (
			);
			runOnlyForDeploymentPostprocessing = 0;
		};
/* End PBXSourcesBuildPhase section */

/* Begin PBXTargetDependency section */
		04FE5BD02F9CA7490092331D /* PBXTargetDependency */ = {
			isa = PBXTargetDependency;
			target = 04FE5BB72F9CA7420092331D /* SquareGitRepo */;
			targetProxy = 04FE5BCF2F9CA7490092331D /* PBXContainerItemProxy */;
		};
		04FE5BDA2F9CA7490092331D /* PBXTargetDependency */ = {
			isa = PBXTargetDependency;
			target = 04FE5BB72F9CA7420092331D /* SquareGitRepo */;
			targetProxy = 04FE5BD92F9CA7490092331D /* PBXContainerItemProxy */;
		};
/* End PBXTargetDependency section */

/* Begin XCBuildConfiguration section */
		04FE5BE22F9CA7490092331D /* Debug */ = {
			isa = XCBuildConfiguration;
			buildSettings = {
				ASSETCATALOG_COMPILER_APPICON_NAME = AppIcon;
				ASSETCATALOG_COMPILER_GLOBAL_ACCENT_COLOR_NAME = AccentColor;
				CODE_SIGN_STYLE = Automatic;
				CURRENT_PROJECT_VERSION = 1;
				GENERATE_INFOPLIST_FILE = YES;
				INFOPLIST_FILE = SquareGitRepo/Info.plist;
				INFOPLIST_KEY_UIApplicationSupportsIndirectInputEvents = YES;
				INFOPLIST_KEY_UILaunchStoryboardName = LaunchScreen;
				INFOPLIST_KEY_UIMainStoryboardFile = Main;
				INFOPLIST_KEY_UISupportedInterfaceOrientations_iPad = "UIInterfaceOrientationPortrait UIInterfaceOrientationPortraitUpsideDown UIInterfaceOrientationLandscapeLeft UIInterfaceOrientationLandscapeRight";
				INFOPLIST_KEY_UISupportedInterfaceOrientations_iPhone = "UIInterfaceOrientationPortrait UIInterfaceOrientationLandscapeLeft UIInterfaceOrientationLandscapeRight";
				IPHONEOS_DEPLOYMENT_TARGET = 17.6;
				LD_RUNPATH_SEARCH_PATHS = (
					"$(inherited)",
					"@executable_path/Frameworks",
				);
				MARKETING_VERSION = 1.0;
				PRODUCT_BUNDLE_IDENTIFIER = RV.SquareGitRepo;
				PRODUCT_NAME = "$(TARGET_NAME)";
				STRING_CATALOG_GENERATE_SYMBOLS = YES;
				SWIFT_APPROACHABLE_CONCURRENCY = YES;
				SWIFT_DEFAULT_ACTOR_ISOLATION = MainActor;
				SWIFT_EMIT_LOC_STRINGS = YES;
				SWIFT_UPCOMING_FEATURE_MEMBER_IMPORT_VISIBILITY = YES;
				SWIFT_VERSION = 5.0;
				TARGETED_DEVICE_FAMILY = "1,2";
			};
			name = Debug;
		};
		04FE5BE32F9CA7490092331D /* Release */ = {
			isa = XCBuildConfiguration;
			buildSettings = {
				ASSETCATALOG_COMPILER_APPICON_NAME = AppIcon;
				ASSETCATALOG_COMPILER_GLOBAL_ACCENT_COLOR_NAME = AccentColor;
				CODE_SIGN_STYLE = Automatic;
				CURRENT_PROJECT_VERSION = 1;
				GENERATE_INFOPLIST_FILE = YES;
				INFOPLIST_FILE = SquareGitRepo/Info.plist;
				INFOPLIST_KEY_UIApplicationSupportsIndirectInputEvents = YES;
				INFOPLIST_KEY_UILaunchStoryboardName = LaunchScreen;
				INFOPLIST_KEY_UIMainStoryboardFile = Main;
				INFOPLIST_KEY_UISupportedInterfaceOrientations_iPad = "UIInterfaceOrientationPortrait UIInterfaceOrientationPortraitUpsideDown UIInterfaceOrientationLandscapeLeft UIInterfaceOrientationLandscapeRight";
				INFOPLIST_KEY_UISupportedInterfaceOrientations_iPhone = "UIInterfaceOrientationPortrait UIInterfaceOrientationLandscapeLeft UIInterfaceOrientationLandscapeRight";
				IPHONEOS_DEPLOYMENT_TARGET = 17.6;
				LD_RUNPATH_SEARCH_PATHS = (
					"$(inherited)",
					"@executable_path/Frameworks",
				);
				MARKETING_VERSION = 1.0;
				PRODUCT_BUNDLE_IDENTIFIER = RV.SquareGitRepo;
				PRODUCT_NAME = "$(TARGET_NAME)";
				STRING_CATALOG_GENERATE_SYMBOLS = YES;
				SWIFT_APPROACHABLE_CONCURRENCY = YES;
				SWIFT_DEFAULT_ACTOR_ISOLATION = MainActor;
				SWIFT_EMIT_LOC_STRINGS = YES;
				SWIFT_UPCOMING_FEATURE_MEMBER_IMPORT_VISIBILITY = YES;
				SWIFT_VERSION = 5.0;
				TARGETED_DEVICE_FAMILY = "1,2";
			};
			name = Release;
		};
		04FE5BE42F9CA7490092331D /* Debug */ = {
			isa = XCBuildConfiguration;
			buildSettings = {
				ALWAYS_SEARCH_USER_PATHS = NO;
				ASSETCATALOG_COMPILER_GENERATE_SWIFT_ASSET_SYMBOL_EXTENSIONS = YES;
				CLANG_ANALYZER_NONNULL = YES;
				CLANG_ANALYZER_NUMBER_OBJECT_CONVERSION = YES_AGGRESSIVE;
				CLANG_CXX_LANGUAGE_STANDARD = "gnu++20";
				CLANG_ENABLE_MODULES = YES;
				CLANG_ENABLE_OBJC_ARC = YES;
				CLANG_ENABLE_OBJC_WEAK = YES;
				CLANG_WARN_BLOCK_CAPTURE_AUTORELEASING = YES;
				CLANG_WARN_BOOL_CONVERSION = YES;
				CLANG_WARN_COMMA = YES;
				CLANG_WARN_CONSTANT_CONVERSION = YES;
				CLANG_WARN_DEPRECATED_OBJC_IMPLEMENTATIONS = YES;
				CLANG_WARN_DIRECT_OBJC_ISA_USAGE = YES_ERROR;
				CLANG_WARN_DOCUMENTATION_COMMENTS = YES;
				CLANG_WARN_EMPTY_BODY = YES;
				CLANG_WARN_ENUM_CONVERSION = YES;
				CLANG_WARN_INFINITE_RECURSION = YES;
				CLANG_WARN_INT_CONVERSION = YES;
				CLANG_WARN_NON_LITERAL_NULL_CONVERSION = YES;
				CLANG_WARN_OBJC_IMPLICIT_RETAIN_SELF = YES;
				CLANG_WARN_OBJC_LITERAL_CONVERSION = YES;
				CLANG_WARN_OBJC_ROOT_CLASS = YES_ERROR;
				CLANG_WARN_QUOTED_INCLUDE_IN_FRAMEWORK_HEADER = YES;
				CLANG_WARN_RANGE_LOOP_ANALYSIS = YES;
				CLANG_WARN_STRICT_PROTOTYPES = YES;
				CLANG_WARN_SUSPICIOUS_MOVE = YES;
				CLANG_WARN_UNGUARDED_AVAILABILITY = YES_AGGRESSIVE;
				CLANG_WARN_UNREACHABLE_CODE = YES;
				CLANG_WARN__DUPLICATE_METHOD_MATCH = YES;
				COPY_PHASE_STRIP = NO;
				DEBUG_INFORMATION_FORMAT = dwarf;
				ENABLE_STRICT_OBJC_MSGSEND = YES;
				ENABLE_TESTABILITY = YES;
				ENABLE_USER_SCRIPT_SANDBOXING = YES;
				GCC_C_LANGUAGE_STANDARD = gnu17;
				GCC_DYNAMIC_NO_PIC = NO;
				GCC_NO_COMMON_BLOCKS = YES;
				GCC_OPTIMIZATION_LEVEL = 0;
				GCC_PREPROCESSOR_DEFINITIONS = (
					"DEBUG=1",
					"$(inherited)",
				);
				GCC_WARN_64_TO_32_BIT_CONVERSION = YES;
				GCC_WARN_ABOUT_RETURN_TYPE = YES_ERROR;
				GCC_WARN_UNDECLARED_SELECTOR = YES;
				GCC_WARN_UNINITIALIZED_AUTOS = YES_AGGRESSIVE;
				GCC_WARN_UNUSED_FUNCTION = YES;
				GCC_WARN_UNUSED_VARIABLE = YES;
				IPHONEOS_DEPLOYMENT_TARGET = 26.1;
				LOCALIZATION_PREFERS_STRING_CATALOGS = YES;
				MTL_ENABLE_DEBUG_INFO = INCLUDE_SOURCE;
				MTL_FAST_MATH = YES;
				ONLY_ACTIVE_ARCH = YES;
				SDKROOT = iphoneos;
				SWIFT_ACTIVE_COMPILATION_CONDITIONS = "DEBUG $(inherited)";
				SWIFT_OPTIMIZATION_LEVEL = "-Onone";
			};
			name = Debug;
		};
		04FE5BE52F9CA7490092331D /* Release */ = {
			isa = XCBuildConfiguration;
			buildSettings = {
				ALWAYS_SEARCH_USER_PATHS = NO;
				ASSETCATALOG_COMPILER_GENERATE_SWIFT_ASSET_SYMBOL_EXTENSIONS = YES;
				CLANG_ANALYZER_NONNULL = YES;
				CLANG_ANALYZER_NUMBER_OBJECT_CONVERSION = YES_AGGRESSIVE;
				CLANG_CXX_LANGUAGE_STANDARD = "gnu++20";
				CLANG_ENABLE_MODULES = YES;
				CLANG_ENABLE_OBJC_ARC = YES;
				CLANG_ENABLE_OBJC_WEAK = YES;
				CLANG_WARN_BLOCK_CAPTURE_AUTORELEASING = YES;
				CLANG_WARN_BOOL_CONVERSION = YES;
				CLANG_WARN_COMMA = YES;
				CLANG_WARN_CONSTANT_CONVERSION = YES;
				CLANG_WARN_DEPRECATED_OBJC_IMPLEMENTATIONS = YES;
				CLANG_WARN_DIRECT_OBJC_ISA_USAGE = YES_ERROR;
				CLANG_WARN_DOCUMENTATION_COMMENTS = YES;
				CLANG_WARN_EMPTY_BODY = YES;
				CLANG_WARN_ENUM_CONVERSION = YES;
				CLANG_WARN_INFINITE_RECURSION = YES;
				CLANG_WARN_INT_CONVERSION = YES;
				CLANG_WARN_NON_LITERAL_NULL_CONVERSION = YES;
				CLANG_WARN_OBJC_IMPLICIT_RETAIN_SELF = YES;
				CLANG_WARN_OBJC_LITERAL_CONVERSION = YES;
				CLANG_WARN_OBJC_ROOT_CLASS = YES_ERROR;
				CLANG_WARN_QUOTED_INCLUDE_IN_FRAMEWORK_HEADER = YES;
				CLANG_WARN_RANGE_LOOP_ANALYSIS = YES;
				CLANG_WARN_STRICT_PROTOTYPES = YES;
				CLANG_WARN_SUSPICIOUS_MOVE = YES;
				CLANG_WARN_UNGUARDED_AVAILABILITY = YES_AGGRESSIVE;
				CLANG_WARN_UNREACHABLE_CODE = YES;
				CLANG_WARN__DUPLICATE_METHOD_MATCH = YES;
				COPY_PHASE_STRIP = NO;
				DEBUG_INFORMATION_FORMAT = "dwarf-with-dsym";
				ENABLE_NS_ASSERTIONS = NO;
				ENABLE_STRICT_OBJC_MSGSEND = YES;
				ENABLE_USER_SCRIPT_SANDBOXING = YES;
				GCC_C_LANGUAGE_STANDARD = gnu17;
				GCC_NO_COMMON_BLOCKS = YES;
				GCC_WARN_64_TO_32_BIT_CONVERSION = YES;
				GCC_WARN_ABOUT_RETURN_TYPE = YES_ERROR;
				GCC_WARN_UNDECLARED_SELECTOR = YES;
				GCC_WARN_UNINITIALIZED_AUTOS = YES_AGGRESSIVE;
				GCC_WARN_UNUSED_FUNCTION = YES;
				GCC_WARN_UNUSED_VARIABLE = YES;
				IPHONEOS_DEPLOYMENT_TARGET = 26.1;
				LOCALIZATION_PREFERS_STRING_CATALOGS = YES;
				MTL_ENABLE_DEBUG_INFO = NO;
				MTL_FAST_MATH = YES;
				SDKROOT = iphoneos;
				SWIFT_COMPILATION_MODE = wholemodule;
				VALIDATE_PRODUCT = YES;
			};
			name = Release;
		};
		04FE5BE72F9CA7490092331D /* Debug */ = {
			isa = XCBuildConfiguration;
			buildSettings = {
				BUNDLE_LOADER = "$(TEST_HOST)";
				CODE_SIGN_STYLE = Automatic;
				CURRENT_PROJECT_VERSION = 1;
				GENERATE_INFOPLIST_FILE = YES;
				IPHONEOS_DEPLOYMENT_TARGET = 26.1;
				MARKETING_VERSION = 1.0;
				PRODUCT_BUNDLE_IDENTIFIER = RV.SquareGitRepoTests;
				PRODUCT_NAME = "$(TARGET_NAME)";
				STRING_CATALOG_GENERATE_SYMBOLS = NO;
				SWIFT_APPROACHABLE_CONCURRENCY = YES;
				SWIFT_EMIT_LOC_STRINGS = NO;
				SWIFT_UPCOMING_FEATURE_MEMBER_IMPORT_VISIBILITY = YES;
				SWIFT_VERSION = 5.0;
				TARGETED_DEVICE_FAMILY = "1,2";
				TEST_HOST = "$(BUILT_PRODUCTS_DIR)/SquareGitRepo.app/$(BUNDLE_EXECUTABLE_FOLDER_PATH)/SquareGitRepo";
			};
			name = Debug;
		};
		04FE5BE82F9CA7490092331D /* Release */ = {
			isa = XCBuildConfiguration;
			buildSettings = {
				BUNDLE_LOADER = "$(TEST_HOST)";
				CODE_SIGN_STYLE = Automatic;
				CURRENT_PROJECT_VERSION = 1;
				GENERATE_INFOPLIST_FILE = YES;
				IPHONEOS_DEPLOYMENT_TARGET = 26.1;
				MARKETING_VERSION = 1.0;
				PRODUCT_BUNDLE_IDENTIFIER = RV.SquareGitRepoTests;
				PRODUCT_NAME = "$(TARGET_NAME)";
				STRING_CATALOG_GENERATE_SYMBOLS = NO;
				SWIFT_APPROACHABLE_CONCURRENCY = YES;
				SWIFT_EMIT_LOC_STRINGS = NO;
				SWIFT_UPCOMING_FEATURE_MEMBER_IMPORT_VISIBILITY = YES;
				SWIFT_VERSION = 5.0;
				TARGETED_DEVICE_FAMILY = "1,2";
				TEST_HOST = "$(BUILT_PRODUCTS_DIR)/SquareGitRepo.app/$(BUNDLE_EXECUTABLE_FOLDER_PATH)/SquareGitRepo";
			};
			name = Release;
		};
		04FE5BEA2F9CA7490092331D /* Debug */ = {
			isa = XCBuildConfiguration;
			buildSettings = {
				CODE_SIGN_STYLE = Automatic;
				CURRENT_PROJECT_VERSION = 1;
				GENERATE_INFOPLIST_FILE = YES;
				MARKETING_VERSION = 1.0;
				PRODUCT_BUNDLE_IDENTIFIER = RV.SquareGitRepoUITests;
				PRODUCT_NAME = "$(TARGET_NAME)";
				STRING_CATALOG_GENERATE_SYMBOLS = NO;
				SWIFT_APPROACHABLE_CONCURRENCY = YES;
				SWIFT_EMIT_LOC_STRINGS = NO;
				SWIFT_UPCOMING_FEATURE_MEMBER_IMPORT_VISIBILITY = YES;
				SWIFT_VERSION = 5.0;
				TARGETED_DEVICE_FAMILY = "1,2";
				TEST_TARGET_NAME = SquareGitRepo;
			};
			name = Debug;
		};
		04FE5BEB2F9CA7490092331D /* Release */ = {
			isa = XCBuildConfiguration;
			buildSettings = {
				CODE_SIGN_STYLE = Automatic;
				CURRENT_PROJECT_VERSION = 1;
				GENERATE_INFOPLIST_FILE = YES;
				MARKETING_VERSION = 1.0;
				PRODUCT_BUNDLE_IDENTIFIER = RV.SquareGitRepoUITests;
				PRODUCT_NAME = "$(TARGET_NAME)";
				STRING_CATALOG_GENERATE_SYMBOLS = NO;
				SWIFT_APPROACHABLE_CONCURRENCY = YES;
				SWIFT_EMIT_LOC_STRINGS = NO;
				SWIFT_UPCOMING_FEATURE_MEMBER_IMPORT_VISIBILITY = YES;
				SWIFT_VERSION = 5.0;
				TARGETED_DEVICE_FAMILY = "1,2";
				TEST_TARGET_NAME = SquareGitRepo;
			};
			name = Release;
		};
/* End XCBuildConfiguration section */

/* Begin XCConfigurationList section */
		04FE5BB32F9CA7420092331D /* Build configuration list for PBXProject "SquareGitRepo" */ = {
			isa = XCConfigurationList;
			buildConfigurations = (
				04FE5BE42F9CA7490092331D /* Debug */,
				04FE5BE52F9CA7490092331D /* Release */,
			);
			defaultConfigurationIsVisible = 0;
			defaultConfigurationName = Release;
		};
		04FE5BE12F9CA7490092331D /* Build configuration list for PBXNativeTarget "SquareGitRepo" */ = {
			isa = XCConfigurationList;
			buildConfigurations = (
				04FE5BE22F9CA7490092331D /* Debug */,
				04FE5BE32F9CA7490092331D /* Release */,
			);
			defaultConfigurationIsVisible = 0;
			defaultConfigurationName = Release;
		};
		04FE5BE62F9CA7490092331D /* Build configuration list for PBXNativeTarget "SquareGitRepoTests" */ = {
			isa = XCConfigurationList;
			buildConfigurations = (
				04FE5BE72F9CA7490092331D /* Debug */,
				04FE5BE82F9CA7490092331D /* Release */,
			);
			defaultConfigurationIsVisible = 0;
			defaultConfigurationName = Release;
		};
		04FE5BE92F9CA7490092331D /* Build configuration list for PBXNativeTarget "SquareGitRepoUITests" */ = {
			isa = XCConfigurationList;
			buildConfigurations = (
				04FE5BEA2F9CA7490092331D /* Debug */,
				04FE5BEB2F9CA7490092331D /* Release */,
			);
			defaultConfigurationIsVisible = 0;
			defaultConfigurationName = Release;
		};
/* End XCConfigurationList section */
	};
	rootObject = 04FE5BB02F9CA7420092331D /* Project object */;
}
